Microsoft Visual Studio Solution File, Format Version 11.00
# Visual Studio 2008

Project("{7D0AC351-F66D-E4B5-AAAB-0216F5F647E5}") = "-ludus", "Assembly-CSharp.csproj", "{83A9D19B-96E2-316E-E490-CB078041FF3D}"
EndProject
Global
	GlobalSection(SolutionConfigurationPlatforms) = preSolution
		Debug|Any CPU = Debug|Any CPU
		Release|Any CPU = Release|Any CPU
	EndGlobalSection
	GlobalSection(ProjectConfigurationPlatforms) = postSolution
		{83A9D19B-96E2-316E-E490-CB078041FF3D}.Debug|Any CPU.ActiveCfg = Debug|Any CPU
		{83A9D19B-96E2-316E-E490-CB078041FF3D}.Debug|Any CPU.Build.0 = Debug|Any CPU
		{83A9D19B-96E2-316E-E490-CB078041FF3D}.Release|Any CPU.ActiveCfg = Release|Any CPU
		{83A9D19B-96E2-316E-E490-CB078041FF3D}.Release|Any CPU.Build.0 = Release|Any CPU
	EndGlobalSection
	GlobalSection(SolutionProperties) = preSolution
		HideSolutionNode = FALSE
	EndGlobalSection
	GlobalSection(MonoDevelopProperties) = preSolution
		StartupItem = Assembly-CSharp.csproj
	EndGlobalSection
EndGlobal
